// !$*UTF8*$!
{
	archiveVersion = 1;
	classes = {
	};
	objectVersion = 56;
	objects = {

/* Begin PBXBuildFile section */
		0FA65FA719924FBDB16E20DB /* MunkiItem.swift in Sources */ = {isa = PBXBuildFile; fileRef = E4FD601008C24C97A850157A /* MunkiItem.swift */; };
		22458DE188D341609BCCA9E2 /* OptionalSelectionView.swift in Sources */ = {isa = PBXBuildFile; fileRef = 4A5600CC8E5949A991BF9677 /* OptionalSelectionView.swift */; };
		2A5E20D621174AED804D5634 /* Theme.swift in Sources */ = {isa = PBXBuildFile; fileRef = 9F27DEED0C754DB69D55CF38 /* Theme.swift */; };
		439F764E751F404ABD31E595 /* MunkiPrefs.swift in Sources */ = {isa = PBXBuildFile; fileRef = 4D4B4AC9AC51425FB826DF25 /* MunkiPrefs.swift */; };
		782F55B4BF7B47BCA95DC4E0 /* InstallInfoWatcher.swift in Sources */ = {isa = PBXBuildFile; fileRef = 390F1B7211EC4379AEA8D164 /* InstallInfoWatcher.swift */; };
		79A737A95A9D482E95E3EE57 /* MunkiOnboardingApp.swift in Sources */ = {isa = PBXBuildFile; fileRef = 50DC2A76727F480A8F1FC0E4 /* MunkiOnboardingApp.swift */; };
		7B21BADA7D3C45AAA81F98D6 /* WelcomeView.swift in Sources */ = {isa = PBXBuildFile; fileRef = BABDAB1F70744277AB5EF9AA /* WelcomeView.swift */; };
		7E8FF16150704D018E3B5CDF /* Assets.xcassets in Resources */ = {isa = PBXBuildFile; fileRef = E4BBAABACADC4D9BB3107570 /* Assets.xcassets */; };
		940E952F16504D56AE71C5D1 /* ProvisioningView.swift in Sources */ = {isa = PBXBuildFile; fileRef = 81452C39E56F469DBAFB5325 /* ProvisioningView.swift */; };
		A0B8AA432AB1422D9BA39F34 /* BrandingConfig.swift in Sources */ = {isa = PBXBuildFile; fileRef = C50AB9551EA3415E94A5A06E /* BrandingConfig.swift */; };
		A2F8BF2A846A4F7385E35B65 /* LogoutHelper.swift in Sources */ = {isa = PBXBuildFile; fileRef = 609206BF6091452184D4537F /* LogoutHelper.swift */; };
		A4E3FFF99BC54D03A0507228 /* MunkiMonitor.swift in Sources */ = {isa = PBXBuildFile; fileRef = 3552761ABCD54280BCF3431E /* MunkiMonitor.swift */; };
		A75640AA232A41A98E160B32 /* SelfServiceWriter.swift in Sources */ = {isa = PBXBuildFile; fileRef = D9282C854D2D4B499E096151 /* SelfServiceWriter.swift */; };
		AE4F8545B21040F7B8EA1531 /* OptionalItemRow.swift in Sources */ = {isa = PBXBuildFile; fileRef = 2DE5BB70DD6440B88AD21FF4 /* OptionalItemRow.swift */; };
		B19D2262C34248029A4C1DBF /* BrandedLogoView.swift in Sources */ = {isa = PBXBuildFile; fileRef = E74C5F7A77934C53B6F28145 /* BrandedLogoView.swift */; };
		B61A3BDD1BCC443F8CD90A05 /* PlistIO.swift in Sources */ = {isa = PBXBuildFile; fileRef = F6F138BCA2CA4A34A7DE6297 /* PlistIO.swift */; };
		BAB9D284F64C42EC9298B0ED /* ContentView.swift in Sources */ = {isa = PBXBuildFile; fileRef = D3C7065422164047B28EA703 /* ContentView.swift */; };
		D2BE03E95EAC4D34862C1025 /* AppDelegate.swift in Sources */ = {isa = PBXBuildFile; fileRef = 374879AAB61744669897114B /* AppDelegate.swift */; };
		D4E317882FAA899B00C65FD2 /* OnboardingGuard.swift in Sources */ = {isa = PBXBuildFile; fileRef = D4E317872FAA899B00C65FD2 /* OnboardingGuard.swift */; };
		DD0C9624168E407A8D10BFF3 /* ItemRow.swift in Sources */ = {isa = PBXBuildFile; fileRef = 8EFCA878FEF94EE8AA5D54E7 /* ItemRow.swift */; };
		E1CE97E8D9474834BBE0A530 /* BrandingLoader.swift in Sources */ = {isa = PBXBuildFile; fileRef = 9B2E94370FF241529ADEB5EC /* BrandingLoader.swift */; };
		E931BB995E944A6894E9C756 /* ItemIconView.swift in Sources */ = {isa = PBXBuildFile; fileRef = 4DAF893000E54212BBE3C1B8 /* ItemIconView.swift */; };
		ECEA241602EA43AAB8E57B34 /* CompletionView.swift in Sources */ = {isa = PBXBuildFile; fileRef = C91A12CE01294D96A890FFEB /* CompletionView.swift */; };
/* End PBXBuildFile section */

/* Begin PBXFileReference section */
		2DE5BB70DD6440B88AD21FF4 /* OptionalItemRow.swift */ = {isa = PBXFileReference; lastKnownFileType = sourcecode.swift; path = OptionalItemRow.swift; sourceTree = "<group>"; };
		3552761ABCD54280BCF3431E /* MunkiMonitor.swift */ = {isa = PBXFileReference; lastKnownFileType = sourcecode.swift; path = MunkiMonitor.swift; sourceTree = "<group>"; };
		374879AAB61744669897114B /* AppDelegate.swift */ = {isa = PBXFileReference; lastKnownFileType = sourcecode.swift; path = AppDelegate.swift; sourceTree = "<group>"; };
		390F1B7211EC4379AEA8D164 /* InstallInfoWatcher.swift */ = {isa = PBXFileReference; lastKnownFileType = sourcecode.swift; path = InstallInfoWatcher.swift; sourceTree = "<group>"; };
		4A5600CC8E5949A991BF9677 /* OptionalSelectionView.swift */ = {isa = PBXFileReference; lastKnownFileType = sourcecode.swift; path = OptionalSelectionView.swift; sourceTree = "<group>"; };
		4D4B4AC9AC51425FB826DF25 /* MunkiPrefs.swift */ = {isa = PBXFileReference; lastKnownFileType = sourcecode.swift; path = MunkiPrefs.swift; sourceTree = "<group>"; };
		4DAF893000E54212BBE3C1B8 /* ItemIconView.swift */ = {isa = PBXFileReference; lastKnownFileType = sourcecode.swift; path = ItemIconView.swift; sourceTree = "<group>"; };
		50DC2A76727F480A8F1FC0E4 /* MunkiOnboardingApp.swift */ = {isa = PBXFileReference; lastKnownFileType = sourcecode.swift; path = MunkiOnboardingApp.swift; sourceTree = "<group>"; };
		50FCDD1033F74F08AF9C546B /* Info.plist */ = {isa = PBXFileReference; lastKnownFileType = text.plist; path = Info.plist; sourceTree = "<group>"; };
		609206BF6091452184D4537F /* LogoutHelper.swift */ = {isa = PBXFileReference; lastKnownFileType = sourcecode.swift; path = LogoutHelper.swift; sourceTree = "<group>"; };
		81452C39E56F469DBAFB5325 /* ProvisioningView.swift */ = {isa = PBXFileReference; lastKnownFileType = sourcecode.swift; path = ProvisioningView.swift; sourceTree = "<group>"; };
		8895BBB244C84EE9934E769F /* MunkiOnboarding.app */ = {isa = PBXFileReference; explicitFileType = wrapper.application; includeInIndex = 0; path = MunkiOnboarding.app; sourceTree = BUILT_PRODUCTS_DIR; };
		8EFCA878FEF94EE8AA5D54E7 /* ItemRow.swift */ = {isa = PBXFileReference; lastKnownFileType = sourcecode.swift; path = ItemRow.swift; sourceTree = "<group>"; };
		9B2E94370FF241529ADEB5EC /* BrandingLoader.swift */ = {isa = PBXFileReference; lastKnownFileType = sourcecode.swift; path = BrandingLoader.swift; sourceTree = "<group>"; };
		9F27DEED0C754DB69D55CF38 /* Theme.swift */ = {isa = PBXFileReference; lastKnownFileType = sourcecode.swift; path = Theme.swift; sourceTree = "<group>"; };
		B93AE4E57F7F4025BD7B9215 /* MunkiOnboarding.entitlements */ = {isa = PBXFileReference; lastKnownFileType = text.plist.entitlements; path = MunkiOnboarding.entitlements; sourceTree = "<group>"; };
		BABDAB1F70744277AB5EF9AA /* WelcomeView.swift */ = {isa = PBXFileReference; lastKnownFileType = sourcecode.swift; path = WelcomeView.swift; sourceTree = "<group>"; };
		C50AB9551EA3415E94A5A06E /* BrandingConfig.swift */ = {isa = PBXFileReference; lastKnownFileType = sourcecode.swift; path = BrandingConfig.swift; sourceTree = "<group>"; };
		C91A12CE01294D96A890FFEB /* CompletionView.swift */ = {isa = PBXFileReference; lastKnownFileType = sourcecode.swift; path = CompletionView.swift; sourceTree = "<group>"; };
		D3C7065422164047B28EA703 /* ContentView.swift */ = {isa = PBXFileReference; lastKnownFileType = sourcecode.swift; path = ContentView.swift; sourceTree = "<group>"; };
		D4E317872FAA899B00C65FD2 /* OnboardingGuard.swift */ = {isa = PBXFileReference; lastKnownFileType = sourcecode.swift; path = OnboardingGuard.swift; sourceTree = "<group>"; };
		D9282C854D2D4B499E096151 /* SelfServiceWriter.swift */ = {isa = PBXFileReference; lastKnownFileType = sourcecode.swift; path = SelfServiceWriter.swift; sourceTree = "<group>"; };
		E4BBAABACADC4D9BB3107570 /* Assets.xcassets */ = {isa = PBXFileReference; lastKnownFileType = folder.assetcatalog; path = Assets.xcassets; sourceTree = "<group>"; };
		E4FD601008C24C97A850157A /* MunkiItem.swift */ = {isa = PBXFileReference; lastKnownFileType = sourcecode.swift; path = MunkiItem.swift; sourceTree = "<group>"; };
		E74C5F7A77934C53B6F28145 /* BrandedLogoView.swift */ = {isa = PBXFileReference; lastKnownFileType = sourcecode.swift; path = BrandedLogoView.swift; sourceTree = "<group>"; };
		F6F138BCA2CA4A34A7DE6297 /* PlistIO.swift */ = {isa = PBXFileReference; lastKnownFileType = sourcecode.swift; path = PlistIO.swift; sourceTree = "<group>"; };
/* End PBXFileReference section */

/* Begin PBXFrameworksBuildPhase section */
		BBDFF3F35E2B4537BF02DB9A /* Frameworks */ = {
			isa = PBXFrameworksBuildPhase;
			buildActionMask = 2147483647;
			files = (
			);
			runOnlyForDeploymentPostprocessing = 0;
		};
/* End PBXFrameworksBuildPhase section */

/* Begin PBXGroup section */
		49E553576D04425C89654DE8 /* MunkiOnboarding */ = {
			isa = PBXGroup;
			children = (
				9163F05B8BB24D45B27F487B /* App */,
				955BBB44FD0740A0801569BE /* Model */,
				E42E86D30A974119B4A8F339 /* Services */,
				C8B1340498464C4C87495FDB /* Views */,
				E4BBAABACADC4D9BB3107570 /* Assets.xcassets */,
				50FCDD1033F74F08AF9C546B /* Info.plist */,
				B93AE4E57F7F4025BD7B9215 /* MunkiOnboarding.entitlements */,
			);
			path = MunkiOnboarding;
			sourceTree = "<group>";
		};
		6D29B5E70049495DB81C3C0E /* Provisioning */ = {
			isa = PBXGroup;
			children = (
				4DAF893000E54212BBE3C1B8 /* ItemIconView.swift */,
				8EFCA878FEF94EE8AA5D54E7 /* ItemRow.swift */,
				2DE5BB70DD6440B88AD21FF4 /* OptionalItemRow.swift */,
			);
			path = Provisioning;
			sourceTree = "<group>";
		};
		750F631CD72643CA940BD374 = {
			isa = PBXGroup;
			children = (
				49E553576D04425C89654DE8 /* MunkiOnboarding */,
				C6FE57F2A6244F509E8E6AEA /* Products */,
			);
			sourceTree = "<group>";
		};
		9163F05B8BB24D45B27F487B /* App */ = {
			isa = PBXGroup;
			children = (
				50DC2A76727F480A8F1FC0E4 /* MunkiOnboardingApp.swift */,
				374879AAB61744669897114B /* AppDelegate.swift */,
			);
			path = App;
			sourceTree = "<group>";
		};
		955BBB44FD0740A0801569BE /* Model */ = {
			isa = PBXGroup;
			children = (
				E4FD601008C24C97A850157A /* MunkiItem.swift */,
				C50AB9551EA3415E94A5A06E /* BrandingConfig.swift */,
				3552761ABCD54280BCF3431E /* MunkiMonitor.swift */,
				D9282C854D2D4B499E096151 /* SelfServiceWriter.swift */,
			);
			path = Model;
			sourceTree = "<group>";
		};
		C6FE57F2A6244F509E8E6AEA /* Products */ = {
			isa = PBXGroup;
			children = (
				8895BBB244C84EE9934E769F /* MunkiOnboarding.app */,
			);
			name = Products;
			sourceTree = "<group>";
		};
		C8B1340498464C4C87495FDB /* Views */ = {
			isa = PBXGroup;
			children = (
				D3C7065422164047B28EA703 /* ContentView.swift */,
				E74C5F7A77934C53B6F28145 /* BrandedLogoView.swift */,
				BABDAB1F70744277AB5EF9AA /* WelcomeView.swift */,
				81452C39E56F469DBAFB5325 /* ProvisioningView.swift */,
				4A5600CC8E5949A991BF9677 /* OptionalSelectionView.swift */,
				C91A12CE01294D96A890FFEB /* CompletionView.swift */,
				9F27DEED0C754DB69D55CF38 /* Theme.swift */,
				6D29B5E70049495DB81C3C0E /* Provisioning */,
			);
			path = Views;
			sourceTree = "<group>";
		};
		E42E86D30A974119B4A8F339 /* Services */ = {
			isa = PBXGroup;
			children = (
				D4E317872FAA899B00C65FD2 /* OnboardingGuard.swift */,
				4D4B4AC9AC51425FB826DF25 /* MunkiPrefs.swift */,
				9B2E94370FF241529ADEB5EC /* BrandingLoader.swift */,
				F6F138BCA2CA4A34A7DE6297 /* PlistIO.swift */,
				390F1B7211EC4379AEA8D164 /* InstallInfoWatcher.swift */,
				609206BF6091452184D4537F /* LogoutHelper.swift */,
			);
			path = Services;
			sourceTree = "<group>";
		};
/* End PBXGroup section */

/* Begin PBXNativeTarget section */
		12CBA10C322B4F52AC0942D6 /* MunkiOnboarding */ = {
			isa = PBXNativeTarget;
			buildConfigurationList = 9D7E2C8F0A8D43A09C16F356 /* Build configuration list for PBXNativeTarget "MunkiOnboarding" */;
			buildPhases = (
				09104FCB26C043B299DAFB67 /* Sources */,
				BBDFF3F35E2B4537BF02DB9A /* Frameworks */,
				BD1B62E347754B74A8E1C5DC /* Resources */,
			);
			buildRules = (
			);
			dependencies = (
			);
			name = MunkiOnboarding;
			productName = MunkiOnboarding;
			productReference = 8895BBB244C84EE9934E769F /* MunkiOnboarding.app */;
			productType = "com.apple.product-type.application";
		};
/* End PBXNativeTarget section */

/* Begin PBXProject section */
		5E2C474D8C644B0A99142FD8 /* Project object */ = {
			isa = PBXProject;
			attributes = {
				BuildIndependentTargetsInParallel = YES;
				LastUpgradeCheck = 2640;
			};
			buildConfigurationList = 8D50279DB09C46EA8261DBF2 /* Build configuration list for PBXProject "MunkiOnboarding" */;
			compatibilityVersion = "Xcode 14.0";
			developmentRegion = en;
			hasScannedForEncodings = 0;
			knownRegions = (
				en,
				Base,
			);
			mainGroup = 750F631CD72643CA940BD374;
			productRefGroup = C6FE57F2A6244F509E8E6AEA /* Products */;
			projectDirPath = "";
			projectRoot = "";
			targets = (
				12CBA10C322B4F52AC0942D6 /* MunkiOnboarding */,
			);
		};
/* End PBXProject section */

/* Begin PBXResourcesBuildPhase section */
		BD1B62E347754B74A8E1C5DC /* Resources */ = {
			isa = PBXResourcesBuildPhase;
			buildActionMask = 2147483647;
			files = (
				7E8FF16150704D018E3B5CDF /* Assets.xcassets in Resources */,
			);
			runOnlyForDeploymentPostprocessing = 0;
		};
/* End PBXResourcesBuildPhase section */

/* Begin PBXSourcesBuildPhase section */
		09104FCB26C043B299DAFB67 /* Sources */ = {
			isa = PBXSourcesBuildPhase;
			buildActionMask = 2147483647;
			files = (
				79A737A95A9D482E95E3EE57 /* MunkiOnboardingApp.swift in Sources */,
				D2BE03E95EAC4D34862C1025 /* AppDelegate.swift in Sources */,
				0FA65FA719924FBDB16E20DB /* MunkiItem.swift in Sources */,
				B19D2262C34248029A4C1DBF /* BrandedLogoView.swift in Sources */,
				E1CE97E8D9474834BBE0A530 /* BrandingLoader.swift in Sources */,
				A0B8AA432AB1422D9BA39F34 /* BrandingConfig.swift in Sources */,
				A4E3FFF99BC54D03A0507228 /* MunkiMonitor.swift in Sources */,
				A75640AA232A41A98E160B32 /* SelfServiceWriter.swift in Sources */,
				D4E317882FAA899B00C65FD2 /* OnboardingGuard.swift in Sources */,
				439F764E751F404ABD31E595 /* MunkiPrefs.swift in Sources */,
				B61A3BDD1BCC443F8CD90A05 /* PlistIO.swift in Sources */,
				782F55B4BF7B47BCA95DC4E0 /* InstallInfoWatcher.swift in Sources */,
				A2F8BF2A846A4F7385E35B65 /* LogoutHelper.swift in Sources */,
				BAB9D284F64C42EC9298B0ED /* ContentView.swift in Sources */,
				7B21BADA7D3C45AAA81F98D6 /* WelcomeView.swift in Sources */,
				940E952F16504D56AE71C5D1 /* ProvisioningView.swift in Sources */,
				22458DE188D341609BCCA9E2 /* OptionalSelectionView.swift in Sources */,
				E931BB995E944A6894E9C756 /* ItemIconView.swift in Sources */,
				DD0C9624168E407A8D10BFF3 /* ItemRow.swift in Sources */,
				AE4F8545B21040F7B8EA1531 /* OptionalItemRow.swift in Sources */,
				ECEA241602EA43AAB8E57B34 /* CompletionView.swift in Sources */,
				2A5E20D621174AED804D5634 /* Theme.swift in Sources */,
			);
			runOnlyForDeploymentPostprocessing = 0;
		};
/* End PBXSourcesBuildPhase section */

/* Begin XCBuildConfiguration section */
		0247941349E3420F9D26C63F /* Release */ = {
			isa = XCBuildConfiguration;
			buildSettings = {
				ALWAYS_SEARCH_USER_PATHS = NO;
				CLANG_WARN_BLOCK_CAPTURE_AUTORELEASING = YES;
				CLANG_WARN_BOOL_CONVERSION = YES;
				CLANG_WARN_COMMA = YES;
				CLANG_WARN_CONSTANT_CONVERSION = YES;
				CLANG_WARN_DEPRECATED_OBJC_IMPLEMENTATIONS = YES;
				CLANG_WARN_EMPTY_BODY = YES;
				CLANG_WARN_ENUM_CONVERSION = YES;
				CLANG_WARN_INFINITE_RECURSION = YES;
				CLANG_WARN_INT_CONVERSION = YES;
				CLANG_WARN_NON_LITERAL_NULL_CONVERSION = YES;
				CLANG_WARN_OBJC_IMPLICIT_RETAIN_SELF = YES;
				CLANG_WARN_OBJC_LITERAL_CONVERSION = YES;
				CLANG_WARN_QUOTED_INCLUDE_IN_FRAMEWORK_HEADER = YES;
				CLANG_WARN_RANGE_LOOP_ANALYSIS = YES;
				CLANG_WARN_STRICT_PROTOTYPES = YES;
				CLANG_WARN_SUSPICIOUS_MOVE = YES;
				CLANG_WARN_UNREACHABLE_CODE = YES;
				CLANG_WARN__DUPLICATE_METHOD_MATCH = YES;
				DEAD_CODE_STRIPPING = YES;
				DEBUG_INFORMATION_FORMAT = "dwarf-with-dsym";
				DEVELOPMENT_TEAM = BJKRLM5737;
				ENABLE_NS_ASSERTIONS = NO;
				ENABLE_STRICT_OBJC_MSGSEND = YES;
				ENABLE_USER_SCRIPT_SANDBOXING = YES;
				GCC_NO_COMMON_BLOCKS = YES;
				GCC_WARN_64_TO_32_BIT_CONVERSION = YES;
				GCC_WARN_ABOUT_RETURN_TYPE = YES;
				GCC_WARN_UNDECLARED_SELECTOR = YES;
				GCC_WARN_UNINITIALIZED_AUTOS = YES;
				GCC_WARN_UNUSED_FUNCTION = YES;
				GCC_WARN_UNUSED_VARIABLE = YES;
				SDKROOT = macosx;
				STRING_CATALOG_GENERATE_SYMBOLS = YES;
				SWIFT_COMPILATION_MODE = wholemodule;
				VALIDATE_PRODUCT = YES;
			};
			name = Release;
		};
		43A5FA8C41724958AA636186 /* Release */ = {
			isa = XCBuildConfiguration;
			buildSettings = {
				ALWAYS_SEARCH_USER_PATHS = NO;
				ASSETCATALOG_COMPILER_APPICON_NAME = AppIcon;
				ASSETCATALOG_COMPILER_GLOBAL_ACCENT_COLOR_NAME = AccentColor;
				CLANG_ENABLE_OBJC_WEAK = YES;
				CODE_SIGN_ENTITLEMENTS = MunkiOnboarding/MunkiOnboarding.entitlements;
				"CODE_SIGN_IDENTITY[sdk=macosx*]" = "Apple Development";
				CODE_SIGN_STYLE = Automatic;
				COMBINE_HIDPI_IMAGES = YES;
				DEAD_CODE_STRIPPING = YES;
				ENABLE_APP_SANDBOX = NO;
				ENABLE_HARDENED_RUNTIME = YES;
				INFOPLIST_FILE = MunkiOnboarding/Info.plist;
				MACOSX_DEPLOYMENT_TARGET = 26.0;
				MARKETING_VERSION = 1.0.0;
				PRODUCT_BUNDLE_IDENTIFIER = com.trendmicro.MunkiOnboarding;
				PRODUCT_NAME = "$(TARGET_NAME)";
				SWIFT_EMIT_LOC_STRINGS = YES;
				SWIFT_OPTIMIZATION_LEVEL = "-O";
				SWIFT_STRICT_CONCURRENCY = complete;
				SWIFT_VERSION = 5.0;
			};
			name = Release;
		};
		598CAFFC3135430DA3023B28 /* Debug */ = {
			isa = XCBuildConfiguration;
			buildSettings = {
				ALWAYS_SEARCH_USER_PATHS = NO;
				CLANG_WARN_BLOCK_CAPTURE_AUTORELEASING = YES;
				CLANG_WARN_BOOL_CONVERSION = YES;
				CLANG_WARN_COMMA = YES;
				CLANG_WARN_CONSTANT_CONVERSION = YES;
				CLANG_WARN_DEPRECATED_OBJC_IMPLEMENTATIONS = YES;
				CLANG_WARN_EMPTY_BODY = YES;
				CLANG_WARN_ENUM_CONVERSION = YES;
				CLANG_WARN_INFINITE_RECURSION = YES;
				CLANG_WARN_INT_CONVERSION = YES;
				CLANG_WARN_NON_LITERAL_NULL_CONVERSION = YES;
				CLANG_WARN_OBJC_IMPLICIT_RETAIN_SELF = YES;
				CLANG_WARN_OBJC_LITERAL_CONVERSION = YES;
				CLANG_WARN_QUOTED_INCLUDE_IN_FRAMEWORK_HEADER = YES;
				CLANG_WARN_RANGE_LOOP_ANALYSIS = YES;
				CLANG_WARN_STRICT_PROTOTYPES = YES;
				CLANG_WARN_SUSPICIOUS_MOVE = YES;
				CLANG_WARN_UNREACHABLE_CODE = YES;
				CLANG_WARN__DUPLICATE_METHOD_MATCH = YES;
				COPY_PHASE_STRIP = NO;
				DEAD_CODE_STRIPPING = YES;
				DEBUG_INFORMATION_FORMAT = dwarf;
				DEVELOPMENT_TEAM = BJKRLM5737;
				ENABLE_STRICT_OBJC_MSGSEND = YES;
				ENABLE_TESTABILITY = YES;
				ENABLE_USER_SCRIPT_SANDBOXING = YES;
				GCC_NO_COMMON_BLOCKS = YES;
				GCC_WARN_64_TO_32_BIT_CONVERSION = YES;
				GCC_WARN_ABOUT_RETURN_TYPE = YES;
				GCC_WARN_UNDECLARED_SELECTOR = YES;
				GCC_WARN_UNINITIALIZED_AUTOS = YES;
				GCC_WARN_UNUSED_FUNCTION = YES;
				GCC_WARN_UNUSED_VARIABLE = YES;
				ONLY_ACTIVE_ARCH = YES;
				SDKROOT = macosx;
				STRING_CATALOG_GENERATE_SYMBOLS = YES;
			};
			name = Debug;
		};
		9F5D0AC22B1D4037BC696E98 /* Debug */ = {
			isa = XCBuildConfiguration;
			buildSettings = {
				ALWAYS_SEARCH_USER_PATHS = NO;
				ASSETCATALOG_COMPILER_APPICON_NAME = AppIcon;
				ASSETCATALOG_COMPILER_GLOBAL_ACCENT_COLOR_NAME = AccentColor;
				CLANG_ENABLE_OBJC_WEAK = YES;
				CODE_SIGN_ENTITLEMENTS = MunkiOnboarding/MunkiOnboarding.entitlements;
				"CODE_SIGN_IDENTITY[sdk=macosx*]" = "Apple Development";
				CODE_SIGN_STYLE = Automatic;
				COMBINE_HIDPI_IMAGES = YES;
				DEAD_CODE_STRIPPING = YES;
				ENABLE_APP_SANDBOX = NO;
				ENABLE_HARDENED_RUNTIME = YES;
				INFOPLIST_FILE = MunkiOnboarding/Info.plist;
				MACOSX_DEPLOYMENT_TARGET = 26.0;
				MARKETING_VERSION = 1.0.0;
				PRODUCT_BUNDLE_IDENTIFIER = com.trendmicro.MunkiOnboarding;
				PRODUCT_NAME = "$(TARGET_NAME)";
				SWIFT_EMIT_LOC_STRINGS = YES;
				SWIFT_OPTIMIZATION_LEVEL = "-Onone";
				SWIFT_STRICT_CONCURRENCY = complete;
				SWIFT_VERSION = 5.0;
			};
			name = Debug;
		};
/* End XCBuildConfiguration section */

/* Begin XCConfigurationList section */
		8D50279DB09C46EA8261DBF2 /* Build configuration list for PBXProject "MunkiOnboarding" */ = {
			isa = XCConfigurationList;
			buildConfigurations = (
				598CAFFC3135430DA3023B28 /* Debug */,
				0247941349E3420F9D26C63F /* Release */,
			);
			defaultConfigurationIsVisible = 0;
			defaultConfigurationName = Release;
		};
		9D7E2C8F0A8D43A09C16F356 /* Build configuration list for PBXNativeTarget "MunkiOnboarding" */ = {
			isa = XCConfigurationList;
			buildConfigurations = (
				9F5D0AC22B1D4037BC696E98 /* Debug */,
				43A5FA8C41724958AA636186 /* Release */,
			);
			defaultConfigurationIsVisible = 0;
			defaultConfigurationName = Release;
		};
/* End XCConfigurationList section */
	};
	rootObject = 5E2C474D8C644B0A99142FD8 /* Project object */;
}
